// !$*UTF8*$!
{
	archiveVersion = 1;
	classes = {
	};
	objectVersion = 77;
	objects = {

/* Begin PBXBuildFile section */
		425BBCF02D4BC1430050D79E /* Preview Assets.xcassets in Resources */ = {isa = PBXBuildFile; fileRef = 425BBCE92D4BC1430050D79E /* Preview Assets.xcassets */; };
		425BBCF12D4BC1430050D79E /* Assets.xcassets in Resources */ = {isa = PBXBuildFile; fileRef = 425BBCEB2D4BC1430050D79E /* Assets.xcassets */; };
		425BBCF32D4BC1430050D79E /* VRStack.swift in Sources */ = {isa = PBXBuildFile; fileRef = 425BBCE52D4BC1430050D79E /* VRStack.swift */; };
		425BBCF42D4BC1430050D79E /* HomeView.swift in Sources */ = {isa = PBXBuildFile; fileRef = 425BBCEC2D4BC1430050D79E /* HomeView.swift */; };
		425BBCF52D4BC1430050D79E /* VRCryptoApp.swift in Sources */ = {isa = PBXBuildFile; fileRef = 425BBCEE2D4BC1430050D79E /* VRCryptoApp.swift */; };
		425BBCFA2D4BC5A30050D79E /* CoinList.json in Resources */ = {isa = PBXBuildFile; fileRef = 425BBCF92D4BC58D0050D79E /* CoinList.json */; };
		425BBCFC2D4BC6240050D79E /* HomeViewModel.swift in Sources */ = {isa = PBXBuildFile; fileRef = 425BBCFB2D4BC61D0050D79E /* HomeViewModel.swift */; };
		425BBCFF2D4BC6B10050D79E /* CoinListResponse.swift in Sources */ = {isa = PBXBuildFile; fileRef = 425BBCFE2D4BC6A20050D79E /* CoinListResponse.swift */; };
		425BBD052D4BC8500050D79E /* Bundle+Extension.swift in Sources */ = {isa = PBXBuildFile; fileRef = 425BBD042D4BC84A0050D79E /* Bundle+Extension.swift */; };
		425BBD092D4BD2730050D79E /* ImageCache.swift in Sources */ = {isa = PBXBuildFile; fileRef = 425BBD072D4BD2730050D79E /* ImageCache.swift */; };
		425BBD0A2D4BD2730050D79E /* CachedImageVew.swift in Sources */ = {isa = PBXBuildFile; fileRef = 425BBD062D4BD2730050D79E /* CachedImageVew.swift */; };
/* End PBXBuildFile section */

/* Begin PBXFileReference section */
		425BBCC92D4BB63F0050D79E /* VRCrypto.app */ = {isa = PBXFileReference; explicitFileType = wrapper.application; includeInIndex = 0; path = VRCrypto.app; sourceTree = BUILT_PRODUCTS_DIR; };
		425BBCE52D4BC1430050D79E /* VRStack.swift */ = {isa = PBXFileReference; lastKnownFileType = sourcecode.swift; path = VRStack.swift; sourceTree = "<group>"; };
		425BBCE92D4BC1430050D79E /* Preview Assets.xcassets */ = {isa = PBXFileReference; lastKnownFileType = folder.assetcatalog; path = "Preview Assets.xcassets"; sourceTree = "<group>"; };
		425BBCEB2D4BC1430050D79E /* Assets.xcassets */ = {isa = PBXFileReference; lastKnownFileType = folder.assetcatalog; path = Assets.xcassets; sourceTree = "<group>"; };
		425BBCEC2D4BC1430050D79E /* HomeView.swift */ = {isa = PBXFileReference; lastKnownFileType = sourcecode.swift; path = HomeView.swift; sourceTree = "<group>"; };
		425BBCED2D4BC1430050D79E /* Info.plist */ = {isa = PBXFileReference; lastKnownFileType = text.plist.xml; path = Info.plist; sourceTree = "<group>"; };
		425BBCEE2D4BC1430050D79E /* VRCryptoApp.swift */ = {isa = PBXFileReference; lastKnownFileType = sourcecode.swift; path = VRCryptoApp.swift; sourceTree = "<group>"; };
		425BBCF92D4BC58D0050D79E /* CoinList.json */ = {isa = PBXFileReference; lastKnownFileType = text.json; path = CoinList.json; sourceTree = "<group>"; };
		425BBCFB2D4BC61D0050D79E /* HomeViewModel.swift */ = {isa = PBXFileReference; lastKnownFileType = sourcecode.swift; path = HomeViewModel.swift; sourceTree = "<group>"; };
		425BBCFE2D4BC6A20050D79E /* CoinListResponse.swift */ = {isa = PBXFileReference; lastKnownFileType = sourcecode.swift; path = CoinListResponse.swift; sourceTree = "<group>"; };
		425BBD042D4BC84A0050D79E /* Bundle+Extension.swift */ = {isa = PBXFileReference; lastKnownFileType = sourcecode.swift; path = "Bundle+Extension.swift"; sourceTree = "<group>"; };
		425BBD062D4BD2730050D79E /* CachedImageVew.swift */ = {isa = PBXFileReference; lastKnownFileType = sourcecode.swift; path = CachedImageVew.swift; sourceTree = "<group>"; };
		425BBD072D4BD2730050D79E /* ImageCache.swift */ = {isa = PBXFileReference; lastKnownFileType = sourcecode.swift; path = ImageCache.swift; sourceTree = "<group>"; };
/* End PBXFileReference section */

/* Begin PBXFrameworksBuildPhase section */
		425BBCC62D4BB63F0050D79E /* Frameworks */ = {
			isa = PBXFrameworksBuildPhase;
			buildActionMask = 2147483647;
			files = (
			);
			runOnlyForDeploymentPostprocessing = 0;
		};
/* End PBXFrameworksBuildPhase section */

/* Begin PBXGroup section */
		425BBCC02D4BB63F0050D79E = {
			isa = PBXGroup;
			children = (
				425BBCEF2D4BC1430050D79E /* VRCrypto */,
				425BBCCA2D4BB63F0050D79E /* Products */,
			);
			sourceTree = "<group>";
		};
		425BBCCA2D4BB63F0050D79E /* Products */ = {
			isa = PBXGroup;
			children = (
				425BBCC92D4BB63F0050D79E /* VRCrypto.app */,
			);
			name = Products;
			sourceTree = "<group>";
		};
		425BBCE62D4BC1430050D79E /* VRStack */ = {
			isa = PBXGroup;
			children = (
				425BBCE52D4BC1430050D79E /* VRStack.swift */,
			);
			path = VRStack;
			sourceTree = "<group>";
		};
		425BBCE72D4BC1430050D79E /* CommonViews */ = {
			isa = PBXGroup;
			children = (
				425BBCE62D4BC1430050D79E /* VRStack */,
			);
			path = CommonViews;
			sourceTree = "<group>";
		};
		425BBCE82D4BC1430050D79E /* PresentationLayer */ = {
			isa = PBXGroup;
			children = (
				425BBCE72D4BC1430050D79E /* CommonViews */,
				425BBCF62D4BC1670050D79E /* Home */,
			);
			path = PresentationLayer;
			sourceTree = "<group>";
		};
		425BBCEA2D4BC1430050D79E /* Preview Content */ = {
			isa = PBXGroup;
			children = (
				425BBCE92D4BC1430050D79E /* Preview Assets.xcassets */,
			);
			path = "Preview Content";
			sourceTree = "<group>";
		};
		425BBCEF2D4BC1430050D79E /* VRCrypto */ = {
			isa = PBXGroup;
			children = (
				425BBD002D4BC7EF0050D79E /* Utilities */,
				425BBCF72D4BC5750050D79E /* NetworkLayer */,
				425BBCEB2D4BC1430050D79E /* Assets.xcassets */,
				425BBCED2D4BC1430050D79E /* Info.plist */,
				425BBCE82D4BC1430050D79E /* PresentationLayer */,
				425BBCEA2D4BC1430050D79E /* Preview Content */,
				425BBCEE2D4BC1430050D79E /* VRCryptoApp.swift */,
			);
			path = VRCrypto;
			sourceTree = "<group>";
		};
		425BBCF62D4BC1670050D79E /* Home */ = {
			isa = PBXGroup;
			children = (
				425BBCEC2D4BC1430050D79E /* HomeView.swift */,
				425BBCFB2D4BC61D0050D79E /* HomeViewModel.swift */,
			);
			path = Home;
			sourceTree = "<group>";
		};
		425BBCF72D4BC5750050D79E /* NetworkLayer */ = {
			isa = PBXGroup;
			children = (
				425BBCFD2D4BC68F0050D79E /* Req_Res */,
				425BBCF82D4BC5820050D79E /* MockJSON */,
			);
			path = NetworkLayer;
			sourceTree = "<group>";
		};
		425BBCF82D4BC5820050D79E /* MockJSON */ = {
			isa = PBXGroup;
			children = (
				425BBCF92D4BC58D0050D79E /* CoinList.json */,
			);
			path = MockJSON;
			sourceTree = "<group>";
		};
		425BBCFD2D4BC68F0050D79E /* Req_Res */ = {
			isa = PBXGroup;
			children = (
				425BBCFE2D4BC6A20050D79E /* CoinListResponse.swift */,
			);
			path = Req_Res;
			sourceTree = "<group>";
		};
		425BBD002D4BC7EF0050D79E /* Utilities */ = {
			isa = PBXGroup;
			children = (
				425BBD082D4BD2730050D79E /* ImageCache */,
				425BBD012D4BC7F60050D79E /* Extension */,
			);
			path = Utilities;
			sourceTree = "<group>";
		};
		425BBD012D4BC7F60050D79E /* Extension */ = {
			isa = PBXGroup;
			children = (
				425BBD042D4BC84A0050D79E /* Bundle+Extension.swift */,
			);
			path = Extension;
			sourceTree = "<group>";
		};
		425BBD082D4BD2730050D79E /* ImageCache */ = {
			isa = PBXGroup;
			children = (
				425BBD062D4BD2730050D79E /* CachedImageVew.swift */,
				425BBD072D4BD2730050D79E /* ImageCache.swift */,
			);
			path = ImageCache;
			sourceTree = "<group>";
		};
/* End PBXGroup section */

/* Begin PBXNativeTarget section */
		425BBCC82D4BB63F0050D79E /* VRCrypto */ = {
			isa = PBXNativeTarget;
			buildConfigurationList = 425BBCD92D4BB6420050D79E /* Build configuration list for PBXNativeTarget "VRCrypto" */;
			buildPhases = (
				425BBCC52D4BB63F0050D79E /* Sources */,
				425BBCC62D4BB63F0050D79E /* Frameworks */,
				425BBCC72D4BB63F0050D79E /* Resources */,
			);
			buildRules = (
			);
			dependencies = (
			);
			name = VRCrypto;
			packageProductDependencies = (
			);
			productName = VRCrypto;
			productReference = 425BBCC92D4BB63F0050D79E /* VRCrypto.app */;
			productType = "com.apple.product-type.application";
		};
/* End PBXNativeTarget section */

/* Begin PBXProject section */
		425BBCC12D4BB63F0050D79E /* Project object */ = {
			isa = PBXProject;
			attributes = {
				BuildIndependentTargetsInParallel = 1;
				LastSwiftUpdateCheck = 1620;
				LastUpgradeCheck = 1620;
				TargetAttributes = {
					425BBCC82D4BB63F0050D79E = {
						CreatedOnToolsVersion = 16.2;
					};
				};
			};
			buildConfigurationList = 425BBCC42D4BB63F0050D79E /* Build configuration list for PBXProject "VRCrypto" */;
			developmentRegion = en;
			hasScannedForEncodings = 0;
			knownRegions = (
				en,
				Base,
			);
			mainGroup = 425BBCC02D4BB63F0050D79E;
			minimizedProjectReferenceProxies = 1;
			preferredProjectObjectVersion = 77;
			productRefGroup = 425BBCCA2D4BB63F0050D79E /* Products */;
			projectDirPath = "";
			projectRoot = "";
			targets = (
				425BBCC82D4BB63F0050D79E /* VRCrypto */,
			);
		};
/* End PBXProject section */

/* Begin PBXResourcesBuildPhase section */
		425BBCC72D4BB63F0050D79E /* Resources */ = {
			isa = PBXResourcesBuildPhase;
			buildActionMask = 2147483647;
			files = (
				425BBCF02D4BC1430050D79E /* Preview Assets.xcassets in Resources */,
				425BBCF12D4BC1430050D79E /* Assets.xcassets in Resources */,
				425BBCFA2D4BC5A30050D79E /* CoinList.json in Resources */,
			);
			runOnlyForDeploymentPostprocessing = 0;
		};
/* End PBXResourcesBuildPhase section */

/* Begin PBXSourcesBuildPhase section */
		425BBCC52D4BB63F0050D79E /* Sources */ = {
			isa = PBXSourcesBuildPhase;
			buildActionMask = 2147483647;
			files = (
				425BBCF32D4BC1430050D79E /* VRStack.swift in Sources */,
				425BBD092D4BD2730050D79E /* ImageCache.swift in Sources */,
				425BBD0A2D4BD2730050D79E /* CachedImageVew.swift in Sources */,
				425BBD052D4BC8500050D79E /* Bundle+Extension.swift in Sources */,
				425BBCFF2D4BC6B10050D79E /* CoinListResponse.swift in Sources */,
				425BBCF42D4BC1430050D79E /* HomeView.swift in Sources */,
				425BBCF52D4BC1430050D79E /* VRCryptoApp.swift in Sources */,
				425BBCFC2D4BC6240050D79E /* HomeViewModel.swift in Sources */,
			);
			runOnlyForDeploymentPostprocessing = 0;
		};
/* End PBXSourcesBuildPhase section */

/* Begin XCBuildConfiguration section */
		425BBCD72D4BB6420050D79E /* Debug */ = {
			isa = XCBuildConfiguration;
			buildSettings = {
				ALWAYS_SEARCH_USER_PATHS = NO;
				ASSETCATALOG_COMPILER_GENERATE_SWIFT_ASSET_SYMBOL_EXTENSIONS = YES;
				CLANG_ANALYZER_NONNULL = YES;
				CLANG_ANALYZER_NUMBER_OBJECT_CONVERSION = YES_AGGRESSIVE;
				CLANG_CXX_LANGUAGE_STANDARD = "gnu++20";
				CLANG_ENABLE_MODULES = YES;
				CLANG_ENABLE_OBJC_ARC = YES;
				CLANG_ENABLE_OBJC_WEAK = YES;
				CLANG_WARN_BLOCK_CAPTURE_AUTORELEASING = YES;
				CLANG_WARN_BOOL_CONVERSION = YES;
				CLANG_WARN_COMMA = YES;
				CLANG_WARN_CONSTANT_CONVERSION = YES;
				CLANG_WARN_DEPRECATED_OBJC_IMPLEMENTATIONS = YES;
				CLANG_WARN_DIRECT_OBJC_ISA_USAGE = YES_ERROR;
				CLANG_WARN_DOCUMENTATION_COMMENTS = YES;
				CLANG_WARN_EMPTY_BODY = YES;
				CLANG_WARN_ENUM_CONVERSION = YES;
				CLANG_WARN_INFINITE_RECURSION = YES;
				CLANG_WARN_INT_CONVERSION = YES;
				CLANG_WARN_NON_LITERAL_NULL_CONVERSION = YES;
				CLANG_WARN_OBJC_IMPLICIT_RETAIN_SELF = YES;
				CLANG_WARN_OBJC_LITERAL_CONVERSION = YES;
				CLANG_WARN_OBJC_ROOT_CLASS = YES_ERROR;
				CLANG_WARN_QUOTED_INCLUDE_IN_FRAMEWORK_HEADER = YES;
				CLANG_WARN_RANGE_LOOP_ANALYSIS = YES;
				CLANG_WARN_STRICT_PROTOTYPES = YES;
				CLANG_WARN_SUSPICIOUS_MOVE = YES;
				CLANG_WARN_UNGUARDED_AVAILABILITY = YES_AGGRESSIVE;
				CLANG_WARN_UNREACHABLE_CODE = YES;
				CLANG_WARN__DUPLICATE_METHOD_MATCH = YES;
				COPY_PHASE_STRIP = NO;
				DEBUG_INFORMATION_FORMAT = dwarf;
				ENABLE_STRICT_OBJC_MSGSEND = YES;
				ENABLE_TESTABILITY = YES;
				ENABLE_USER_SCRIPT_SANDBOXING = YES;
				GCC_C_LANGUAGE_STANDARD = gnu17;
				GCC_DYNAMIC_NO_PIC = NO;
				GCC_NO_COMMON_BLOCKS = YES;
				GCC_OPTIMIZATION_LEVEL = 0;
				GCC_PREPROCESSOR_DEFINITIONS = (
					"DEBUG=1",
					"$(inherited)",
				);
				GCC_WARN_64_TO_32_BIT_CONVERSION = YES;
				GCC_WARN_ABOUT_RETURN_TYPE = YES_ERROR;
				GCC_WARN_UNDECLARED_SELECTOR = YES;
				GCC_WARN_UNINITIALIZED_AUTOS = YES_AGGRESSIVE;
				GCC_WARN_UNUSED_FUNCTION = YES;
				GCC_WARN_UNUSED_VARIABLE = YES;
				IPHONEOS_DEPLOYMENT_TARGET = 18.2;
				LOCALIZATION_PREFERS_STRING_CATALOGS = YES;
				MTL_ENABLE_DEBUG_INFO = INCLUDE_SOURCE;
				MTL_FAST_MATH = YES;
				ONLY_ACTIVE_ARCH = YES;
				SDKROOT = iphoneos;
				SWIFT_ACTIVE_COMPILATION_CONDITIONS = "DEBUG $(inherited)";
				SWIFT_OPTIMIZATION_LEVEL = "-Onone";
			};
			name = Debug;
		};
		425BBCD82D4BB6420050D79E /* Release */ = {
			isa = XCBuildConfiguration;
			buildSettings = {
				ALWAYS_SEARCH_USER_PATHS = NO;
				ASSETCATALOG_COMPILER_GENERATE_SWIFT_ASSET_SYMBOL_EXTENSIONS = YES;
				CLANG_ANALYZER_NONNULL = YES;
				CLANG_ANALYZER_NUMBER_OBJECT_CONVERSION = YES_AGGRESSIVE;
				CLANG_CXX_LANGUAGE_STANDARD = "gnu++20";
				CLANG_ENABLE_MODULES = YES;
				CLANG_ENABLE_OBJC_ARC = YES;
				CLANG_ENABLE_OBJC_WEAK = YES;
				CLANG_WARN_BLOCK_CAPTURE_AUTORELEASING = YES;
				CLANG_WARN_BOOL_CONVERSION = YES;
				CLANG_WARN_COMMA = YES;
				CLANG_WARN_CONSTANT_CONVERSION = YES;
				CLANG_WARN_DEPRECATED_OBJC_IMPLEMENTATIONS = YES;
				CLANG_WARN_DIRECT_OBJC_ISA_USAGE = YES_ERROR;
				CLANG_WARN_DOCUMENTATION_COMMENTS = YES;
				CLANG_WARN_EMPTY_BODY = YES;
				CLANG_WARN_ENUM_CONVERSION = YES;
				CLANG_WARN_INFINITE_RECURSION = YES;
				CLANG_WARN_INT_CONVERSION = YES;
				CLANG_WARN_NON_LITERAL_NULL_CONVERSION = YES;
				CLANG_WARN_OBJC_IMPLICIT_RETAIN_SELF = YES;
				CLANG_WARN_OBJC_LITERAL_CONVERSION = YES;
				CLANG_WARN_OBJC_ROOT_CLASS = YES_ERROR;
				CLANG_WARN_QUOTED_INCLUDE_IN_FRAMEWORK_HEADER = YES;
				CLANG_WARN_RANGE_LOOP_ANALYSIS = YES;
				CLANG_WARN_STRICT_PROTOTYPES = YES;
				CLANG_WARN_SUSPICIOUS_MOVE = YES;
				CLANG_WARN_UNGUARDED_AVAILABILITY = YES_AGGRESSIVE;
				CLANG_WARN_UNREACHABLE_CODE = YES;
				CLANG_WARN__DUPLICATE_METHOD_MATCH = YES;
				COPY_PHASE_STRIP = NO;
				DEBUG_INFORMATION_FORMAT = "dwarf-with-dsym";
				ENABLE_NS_ASSERTIONS = NO;
				ENABLE_STRICT_OBJC_MSGSEND = YES;
				ENABLE_USER_SCRIPT_SANDBOXING = YES;
				GCC_C_LANGUAGE_STANDARD = gnu17;
				GCC_NO_COMMON_BLOCKS = YES;
				GCC_WARN_64_TO_32_BIT_CONVERSION = YES;
				GCC_WARN_ABOUT_RETURN_TYPE = YES_ERROR;
				GCC_WARN_UNDECLARED_SELECTOR = YES;
				GCC_WARN_UNINITIALIZED_AUTOS = YES_AGGRESSIVE;
				GCC_WARN_UNUSED_FUNCTION = YES;
				GCC_WARN_UNUSED_VARIABLE = YES;
				IPHONEOS_DEPLOYMENT_TARGET = 18.2;
				LOCALIZATION_PREFERS_STRING_CATALOGS = YES;
				MTL_ENABLE_DEBUG_INFO = NO;
				MTL_FAST_MATH = YES;
				SDKROOT = iphoneos;
				SWIFT_COMPILATION_MODE = wholemodule;
				VALIDATE_PRODUCT = YES;
			};
			name = Release;
		};
		425BBCDA2D4BB6420050D79E /* Debug */ = {
			isa = XCBuildConfiguration;
			buildSettings = {
				ASSETCATALOG_COMPILER_APPICON_NAME = AppIcon;
				ASSETCATALOG_COMPILER_GLOBAL_ACCENT_COLOR_NAME = AccentColor;
				CODE_SIGN_STYLE = Automatic;
				CURRENT_PROJECT_VERSION = 1;
				DEVELOPMENT_ASSET_PATHS = "\"VRCrypto/Preview Content\"";
				DEVELOPMENT_TEAM = 7M7M4RG9T2;
				ENABLE_PREVIEWS = YES;
				GENERATE_INFOPLIST_FILE = YES;
				INFOPLIST_FILE = VRCrypto/Info.plist;
				INFOPLIST_KEY_CFBundleDisplayName = "VR Crypto";
				INFOPLIST_KEY_UIApplicationSceneManifest_Generation = YES;
				INFOPLIST_KEY_UIApplicationSupportsIndirectInputEvents = YES;
				INFOPLIST_KEY_UILaunchScreen_Generation = YES;
				INFOPLIST_KEY_UISupportedInterfaceOrientations = UIInterfaceOrientationPortrait;
				INFOPLIST_KEY_UISupportedInterfaceOrientations_iPad = "UIInterfaceOrientationLandscapeLeft UIInterfaceOrientationLandscapeRight UIInterfaceOrientationPortrait UIInterfaceOrientationPortraitUpsideDown";
				IPHONEOS_DEPLOYMENT_TARGET = 18.0;
				LD_RUNPATH_SEARCH_PATHS = (
					"$(inherited)",
					"@executable_path/Frameworks",
				);
				MARKETING_VERSION = 1.0;
				PRODUCT_BUNDLE_IDENTIFIER = vishankraghav.VRCrypto;
				PRODUCT_NAME = "$(TARGET_NAME)";
				SUPPORTED_PLATFORMS = "iphoneos iphonesimulator";
				SUPPORTS_MACCATALYST = NO;
				SUPPORTS_MAC_DESIGNED_FOR_IPHONE_IPAD = NO;
				SUPPORTS_XR_DESIGNED_FOR_IPHONE_IPAD = NO;
				SWIFT_EMIT_LOC_STRINGS = YES;
				SWIFT_VERSION = 5.0;
				TARGETED_DEVICE_FAMILY = 1;
			};
			name = Debug;
		};
		425BBCDB2D4BB6420050D79E /* Release */ = {
			isa = XCBuildConfiguration;
			buildSettings = {
				ASSETCATALOG_COMPILER_APPICON_NAME = AppIcon;
				ASSETCATALOG_COMPILER_GLOBAL_ACCENT_COLOR_NAME = AccentColor;
				CODE_SIGN_STYLE = Automatic;
				CURRENT_PROJECT_VERSION = 1;
				DEVELOPMENT_ASSET_PATHS = "\"VRCrypto/Preview Content\"";
				DEVELOPMENT_TEAM = 7M7M4RG9T2;
				ENABLE_PREVIEWS = YES;
				GENERATE_INFOPLIST_FILE = YES;
				INFOPLIST_FILE = VRCrypto/Info.plist;
				INFOPLIST_KEY_CFBundleDisplayName = "VR Crypto";
				INFOPLIST_KEY_UIApplicationSceneManifest_Generation = YES;
				INFOPLIST_KEY_UIApplicationSupportsIndirectInputEvents = YES;
				INFOPLIST_KEY_UILaunchScreen_Generation = YES;
				INFOPLIST_KEY_UISupportedInterfaceOrientations = UIInterfaceOrientationPortrait;
				INFOPLIST_KEY_UISupportedInterfaceOrientations_iPad = "UIInterfaceOrientationLandscapeLeft UIInterfaceOrientationLandscapeRight UIInterfaceOrientationPortrait UIInterfaceOrientationPortraitUpsideDown";
				IPHONEOS_DEPLOYMENT_TARGET = 18.0;
				LD_RUNPATH_SEARCH_PATHS = (
					"$(inherited)",
					"@executable_path/Frameworks",
				);
				MARKETING_VERSION = 1.0;
				PRODUCT_BUNDLE_IDENTIFIER = vishankraghav.VRCrypto;
				PRODUCT_NAME = "$(TARGET_NAME)";
				SUPPORTED_PLATFORMS = "iphoneos iphonesimulator";
				SUPPORTS_MACCATALYST = NO;
				SUPPORTS_MAC_DESIGNED_FOR_IPHONE_IPAD = NO;
				SUPPORTS_XR_DESIGNED_FOR_IPHONE_IPAD = NO;
				SWIFT_EMIT_LOC_STRINGS = YES;
				SWIFT_VERSION = 5.0;
				TARGETED_DEVICE_FAMILY = 1;
			};
			name = Release;
		};
/* End XCBuildConfiguration section */

/* Begin XCConfigurationList section */
		425BBCC42D4BB63F0050D79E /* Build configuration list for PBXProject "VRCrypto" */ = {
			isa = XCConfigurationList;
			buildConfigurations = (
				425BBCD72D4BB6420050D79E /* Debug */,
				425BBCD82D4BB6420050D79E /* Release */,
			);
			defaultConfigurationIsVisible = 0;
			defaultConfigurationName = Release;
		};
		425BBCD92D4BB6420050D79E /* Build configuration list for PBXNativeTarget "VRCrypto" */ = {
			isa = XCConfigurationList;
			buildConfigurations = (
				425BBCDA2D4BB6420050D79E /* Debug */,
				425BBCDB2D4BB6420050D79E /* Release */,
			);
			defaultConfigurationIsVisible = 0;
			defaultConfigurationName = Release;
		};
/* End XCConfigurationList section */
	};
	rootObject = 425BBCC12D4BB63F0050D79E /* Project object */;
}
